
Microsoft Visual Studio Solution File, Format Version 12.00
# Visual Studio 15
VisualStudioVersion = 15.0.27004.2006
MinimumVisualStudioVersion = 10.0.40219.1
Project("{D954291E-2A0B-460D-934E-DC6B0785DB48}") = "CloneMasterDetail", "CloneMasterDetail\CloneMasterDetail\CloneMasterDetail.shproj", "{7D2D6501-49BC-4958-9D81-4F22F4F3F0A3}"
EndProject
Project("{FAE04EC0-301F-11D3-BF4B-00C04F79EFBC}") = "CloneMasterDetail.Android", "CloneMasterDetail\CloneMasterDetail.Android\CloneMasterDetail.Android.csproj", "{CE22FDB5-8B9F-4658-AFD3-095DB42EFD2B}"
EndProject
Project("{FAE04EC0-301F-11D3-BF4B-00C04F79EFBC}") = "CloneMasterDetail.iOS", "CloneMasterDetail\CloneMasterDetail.iOS\CloneMasterDetail.iOS.csproj", "{1E35D4E7-7377-464F-8340-1C7D9A03D7BE}"
EndProject
Project("{FAE04EC0-301F-11D3-BF4B-00C04F79EFBC}") = "CloneMasterDetail.UWP", "CloneMasterDetail\CloneMasterDetail.UWP\CloneMasterDetail.UWP.csproj", "{34C4C63D-A940-4ADB-A9DD-4A772AACF35B}"
EndProject
Project("{2150E333-8FDC-42A3-9474-1A3956D46DE8}") = "Solution Items", "Solution Items", "{4F46E19C-7324-4645-861D-A86CCD9BE837}"
	ProjectSection(SolutionItems) = preProject
		.gitignore = .gitignore
		README.md = README.md
	EndProjectSection
EndProject
Global
	GlobalSection(SharedMSBuildProjectFiles) = preSolution
		CloneMasterDetail\CloneMasterDetail\CloneMasterDetail.projitems*{1e35d4e7-7377-464f-8340-1c7d9a03d7be}*SharedItemsImports = 4
		CloneMasterDetail\CloneMasterDetail\CloneMasterDetail.projitems*{34c4c63d-a940-4adb-a9dd-4a772aacf35b}*SharedItemsImports = 4
		CloneMasterDetail\CloneMasterDetail\CloneMasterDetail.projitems*{7d2d6501-49bc-4958-9d81-4f22f4f3f0a3}*SharedItemsImports = 13
		CloneMasterDetail\CloneMasterDetail\CloneMasterDetail.projitems*{ce22fdb5-8b9f-4658-afd3-095db42efd2b}*SharedItemsImports = 4
	EndGlobalSection
	GlobalSection(SolutionConfigurationPlatforms) = preSolution
		Ad-Hoc|Any CPU = Ad-Hoc|Any CPU
		Ad-Hoc|ARM = Ad-Hoc|ARM
		Ad-Hoc|iPhone = Ad-Hoc|iPhone
		Ad-Hoc|iPhoneSimulator = Ad-Hoc|iPhoneSimulator
		Ad-Hoc|x64 = Ad-Hoc|x64
		Ad-Hoc|x86 = Ad-Hoc|x86
		AppStore|Any CPU = AppStore|Any CPU
		AppStore|ARM = AppStore|ARM
		AppStore|iPhone = AppStore|iPhone
		AppStore|iPhoneSimulator = AppStore|iPhoneSimulator
		AppStore|x64 = AppStore|x64
		AppStore|x86 = AppStore|x86
		Debug|Any CPU = Debug|Any CPU
		Debug|ARM = Debug|ARM
		Debug|iPhone = Debug|iPhone
		Debug|iPhoneSimulator = Debug|iPhoneSimulator
		Debug|x64 = Debug|x64
		Debug|x86 = Debug|x86
		Release|Any CPU = Release|Any CPU
		Release|ARM = Release|ARM
		Release|iPhone = Release|iPhone
		Release|iPhoneSimulator = Release|iPhoneSimulator
		Release|x64 = Release|x64
		Release|x86 = Release|x86
	EndGlobalSection
	GlobalSection(ProjectConfigurationPlatforms) = postSolution
		{CE22FDB5-8B9F-4658-AFD3-095DB42EFD2B}.Ad-Hoc|Any CPU.ActiveCfg = Release|Any CPU
		{CE22FDB5-8B9F-4658-AFD3-095DB42EFD2B}.Ad-Hoc|Any CPU.Build.0 = Release|Any CPU
		{CE22FDB5-8B9F-4658-AFD3-095DB42EFD2B}.Ad-Hoc|Any CPU.Deploy.0 = Release|Any CPU
		{CE22FDB5-8B9F-4658-AFD3-095DB42EFD2B}.Ad-Hoc|ARM.ActiveCfg = Release|Any CPU
		{CE22FDB5-8B9F-4658-AFD3-095DB42EFD2B}.Ad-Hoc|ARM.Build.0 = Release|Any CPU
		{CE22FDB5-8B9F-4658-AFD3-095DB42EFD2B}.Ad-Hoc|ARM.Deploy.0 = Release|Any CPU
		{CE22FDB5-8B9F-4658-AFD3-095DB42EFD2B}.Ad-Hoc|iPhone.ActiveCfg = Release|Any CPU
		{CE22FDB5-8B9F-4658-AFD3-095DB42EFD2B}.Ad-Hoc|iPhone.Build.0 = Release|Any CPU
		{CE22FDB5-8B9F-4658-AFD3-095DB42EFD2B}.Ad-Hoc|iPhone.Deploy.0 = Release|Any CPU
		{CE22FDB5-8B9F-4658-AFD3-095DB42EFD2B}.Ad-Hoc|iPhoneSimulator.ActiveCfg = Release|Any CPU
		{CE22FDB5-8B9F-4658-AFD3-095DB42EFD2B}.Ad-Hoc|iPhoneSimulator.Build.0 = Release|Any CPU
		{CE22FDB5-8B9F-4658-AFD3-095DB42EFD2B}.Ad-Hoc|iPhoneSimulator.Deploy.0 = Release|Any CPU
		{CE22FDB5-8B9F-4658-AFD3-095DB42EFD2B}.Ad-Hoc|x64.ActiveCfg = Release|Any CPU
		{CE22FDB5-8B9F-4658-AFD3-095DB42EFD2B}.Ad-Hoc|x64.Build.0 = Release|Any CPU
		{CE22FDB5-8B9F-4658-AFD3-095DB42EFD2B}.Ad-Hoc|x64.Deploy.0 = Release|Any CPU
		{CE22FDB5-8B9F-4658-AFD3-095DB42EFD2B}.Ad-Hoc|x86.ActiveCfg = Release|Any CPU
		{CE22FDB5-8B9F-4658-AFD3-095DB42EFD2B}.Ad-Hoc|x86.Build.0 = Release|Any CPU
		{CE22FDB5-8B9F-4658-AFD3-095DB42EFD2B}.Ad-Hoc|x86.Deploy.0 = Release|Any CPU
		{CE22FDB5-8B9F-4658-AFD3-095DB42EFD2B}.AppStore|Any CPU.ActiveCfg = Release|Any CPU
		{CE22FDB5-8B9F-4658-AFD3-095DB42EFD2B}.AppStore|Any CPU.Build.0 = Release|Any CPU
		{CE22FDB5-8B9F-4658-AFD3-095DB42EFD2B}.AppStore|Any CPU.Deploy.0 = Release|Any CPU
		{CE22FDB5-8B9F-4658-AFD3-095DB42EFD2B}.AppStore|ARM.ActiveCfg = Release|Any CPU
		{CE22FDB5-8B9F-4658-AFD3-095DB42EFD2B}.AppStore|ARM.Build.0 = Release|Any CPU
		{CE22FDB5-8B9F-4658-AFD3-095DB42EFD2B}.AppStore|ARM.Deploy.0 = Release|Any CPU
		{CE22FDB5-8B9F-4658-AFD3-095DB42EFD2B}.AppStore|iPhone.ActiveCfg = Release|Any CPU
		{CE22FDB5-8B9F-4658-AFD3-095DB42EFD2B}.AppStore|iPhone.Build.0 = Release|Any CPU
		{CE22FDB5-8B9F-4658-AFD3-095DB42EFD2B}.AppStore|iPhone.Deploy.0 = Release|Any CPU
		{CE22FDB5-8B9F-4658-AFD3-095DB42EFD2B}.AppStore|iPhoneSimulator.ActiveCfg = Release|Any CPU
		{CE22FDB5-8B9F-4658-AFD3-095DB42EFD2B}.AppStore|iPhoneSimulator.Build.0 = Release|Any CPU
		{CE22FDB5-8B9F-4658-AFD3-095DB42EFD2B}.AppStore|iPhoneSimulator.Deploy.0 = Release|Any CPU
		{CE22FDB5-8B9F-4658-AFD3-095DB42EFD2B}.AppStore|x64.ActiveCfg = Release|Any CPU
		{CE22FDB5-8B9F-4658-AFD3-095DB42EFD2B}.AppStore|x64.Build.0 = Release|Any CPU
		{CE22FDB5-8B9F-4658-AFD3-095DB42EFD2B}.AppStore|x64.Deploy.0 = Release|Any CPU
		{CE22FDB5-8B9F-4658-AFD3-095DB42EFD2B}.AppStore|x86.ActiveCfg = Release|Any CPU
		{CE22FDB5-8B9F-4658-AFD3-095DB42EFD2B}.AppStore|x86.Build.0 = Release|Any CPU
		{CE22FDB5-8B9F-4658-AFD3-095DB42EFD2B}.AppStore|x86.Deploy.0 = Release|Any CPU
		{CE22FDB5-8B9F-4658-AFD3-095DB42EFD2B}.Debug|Any CPU.ActiveCfg = Debug|Any CPU
		{CE22FDB5-8B9F-4658-AFD3-095DB42EFD2B}.Debug|Any CPU.Build.0 = Debug|Any CPU
		{CE22FDB5-8B9F-4658-AFD3-095DB42EFD2B}.Debug|Any CPU.Deploy.0 = Debug|Any CPU
		{CE22FDB5-8B9F-4658-AFD3-095DB42EFD2B}.Debug|ARM.ActiveCfg = Debug|Any CPU
		{CE22FDB5-8B9F-4658-AFD3-095DB42EFD2B}.Debug|ARM.Build.0 = Debug|Any CPU
		{CE22FDB5-8B9F-4658-AFD3-095DB42EFD2B}.Debug|ARM.Deploy.0 = Debug|Any CPU
		{CE22FDB5-8B9F-4658-AFD3-095DB42EFD2B}.Debug|iPhone.ActiveCfg = Debug|Any CPU
		{CE22FDB5-8B9F-4658-AFD3-095DB42EFD2B}.Debug|iPhone.Build.0 = Debug|Any CPU
		{CE22FDB5-8B9F-4658-AFD3-095DB42EFD2B}.Debug|iPhone.Deploy.0 = Debug|Any CPU
		{CE22FDB5-8B9F-4658-AFD3-095DB42EFD2B}.Debug|iPhoneSimulator.ActiveCfg = Debug|Any CPU
		{CE22FDB5-8B9F-4658-AFD3-095DB42EFD2B}.Debug|iPhoneSimulator.Build.0 = Debug|Any CPU
		{CE22FDB5-8B9F-4658-AFD3-095DB42EFD2B}.Debug|iPhoneSimulator.Deploy.0 = Debug|Any CPU
		{CE22FDB5-8B9F-4658-AFD3-095DB42EFD2B}.Debug|x64.ActiveCfg = Debug|Any CPU
		{CE22FDB5-8B9F-4658-AFD3-095DB42EFD2B}.Debug|x64.Build.0 = Debug|Any CPU
		{CE22FDB5-8B9F-4658-AFD3-095DB42EFD2B}.Debug|x64.Deploy.0 = Debug|Any CPU
		{CE22FDB5-8B9F-4658-AFD3-095DB42EFD2B}.Debug|x86.ActiveCfg = Debug|Any CPU
		{CE22FDB5-8B9F-4658-AFD3-095DB42EFD2B}.Debug|x86.Build.0 = Debug|Any CPU
		{CE22FDB5-8B9F-4658-AFD3-095DB42EFD2B}.Debug|x86.Deploy.0 = Debug|Any CPU
		{CE22FDB5-8B9F-4658-AFD3-095DB42EFD2B}.Release|Any CPU.ActiveCfg = Release|Any CPU
		{CE22FDB5-8B9F-4658-AFD3-095DB42EFD2B}.Release|Any CPU.Build.0 = Release|Any CPU
		{CE22FDB5-8B9F-4658-AFD3-095DB42EFD2B}.Release|Any CPU.Deploy.0 = Release|Any CPU
		{CE22FDB5-8B9F-4658-AFD3-095DB42EFD2B}.Release|ARM.ActiveCfg = Release|Any CPU
		{CE22FDB5-8B9F-4658-AFD3-095DB42EFD2B}.Release|ARM.Build.0 = Release|Any CPU
		{CE22FDB5-8B9F-4658-AFD3-095DB42EFD2B}.Release|ARM.Deploy.0 = Release|Any CPU
		{CE22FDB5-8B9F-4658-AFD3-095DB42EFD2B}.Release|iPhone.ActiveCfg = Release|Any CPU
		{CE22FDB5-8B9F-4658-AFD3-095DB42EFD2B}.Release|iPhone.Build.0 = Release|Any CPU
		{CE22FDB5-8B9F-4658-AFD3-095DB42EFD2B}.Release|iPhone.Deploy.0 = Release|Any CPU
		{CE22FDB5-8B9F-4658-AFD3-095DB42EFD2B}.Release|iPhoneSimulator.ActiveCfg = Release|Any CPU
		{CE22FDB5-8B9F-4658-AFD3-095DB42EFD2B}.Release|iPhoneSimulator.Build.0 = Release|Any CPU
		{CE22FDB5-8B9F-4658-AFD3-095DB42EFD2B}.Release|iPhoneSimulator.Deploy.0 = Release|Any CPU
		{CE22FDB5-8B9F-4658-AFD3-095DB42EFD2B}.Release|x64.ActiveCfg = Release|Any CPU
		{CE22FDB5-8B9F-4658-AFD3-095DB42EFD2B}.Release|x64.Build.0 = Release|Any CPU
		{CE22FDB5-8B9F-4658-AFD3-095DB42EFD2B}.Release|x64.Deploy.0 = Release|Any CPU
		{CE22FDB5-8B9F-4658-AFD3-095DB42EFD2B}.Release|x86.ActiveCfg = Release|Any CPU
		{CE22FDB5-8B9F-4658-AFD3-095DB42EFD2B}.Release|x86.Build.0 = Release|Any CPU
		{CE22FDB5-8B9F-4658-AFD3-095DB42EFD2B}.Release|x86.Deploy.0 = Release|Any CPU
		{1E35D4E7-7377-464F-8340-1C7D9A03D7BE}.Ad-Hoc|Any CPU.ActiveCfg = Ad-Hoc|iPhoneSimulator
		{1E35D4E7-7377-464F-8340-1C7D9A03D7BE}.Ad-Hoc|ARM.ActiveCfg = Ad-Hoc|iPhone
		{1E35D4E7-7377-464F-8340-1C7D9A03D7BE}.Ad-Hoc|iPhone.ActiveCfg = Ad-Hoc|iPhone
		{1E35D4E7-7377-464F-8340-1C7D9A03D7BE}.Ad-Hoc|iPhone.Build.0 = Ad-Hoc|iPhone
		{1E35D4E7-7377-464F-8340-1C7D9A03D7BE}.Ad-Hoc|iPhoneSimulator.ActiveCfg = Ad-Hoc|iPhoneSimulator
		{1E35D4E7-7377-464F-8340-1C7D9A03D7BE}.Ad-Hoc|iPhoneSimulator.Build.0 = Ad-Hoc|iPhoneSimulator
		{1E35D4E7-7377-464F-8340-1C7D9A03D7BE}.Ad-Hoc|x64.ActiveCfg = Ad-Hoc|iPhone
		{1E35D4E7-7377-464F-8340-1C7D9A03D7BE}.Ad-Hoc|x86.ActiveCfg = Ad-Hoc|iPhone
		{1E35D4E7-7377-464F-8340-1C7D9A03D7BE}.AppStore|Any CPU.ActiveCfg = AppStore|iPhoneSimulator
		{1E35D4E7-7377-464F-8340-1C7D9A03D7BE}.AppStore|ARM.ActiveCfg = AppStore|iPhone
		{1E35D4E7-7377-464F-8340-1C7D9A03D7BE}.AppStore|iPhone.ActiveCfg = AppStore|iPhone
		{1E35D4E7-7377-464F-8340-1C7D9A03D7BE}.AppStore|iPhone.Build.0 = AppStore|iPhone
		{1E35D4E7-7377-464F-8340-1C7D9A03D7BE}.AppStore|iPhoneSimulator.ActiveCfg = AppStore|iPhoneSimulator
		{1E35D4E7-7377-464F-8340-1C7D9A03D7BE}.AppStore|iPhoneSimulator.Build.0 = AppStore|iPhoneSimulator
		{1E35D4E7-7377-464F-8340-1C7D9A03D7BE}.AppStore|x64.ActiveCfg = AppStore|iPhone
		{1E35D4E7-7377-464F-8340-1C7D9A03D7BE}.AppStore|x86.ActiveCfg = AppStore|iPhone
		{1E35D4E7-7377-464F-8340-1C7D9A03D7BE}.Debug|Any CPU.ActiveCfg = Debug|iPhoneSimulator
		{1E35D4E7-7377-464F-8340-1C7D9A03D7BE}.Debug|ARM.ActiveCfg = Debug|iPhone
		{1E35D4E7-7377-464F-8340-1C7D9A03D7BE}.Debug|iPhone.ActiveCfg = Debug|iPhone
		{1E35D4E7-7377-464F-8340-1C7D9A03D7BE}.Debug|iPhone.Build.0 = Debug|iPhone
		{1E35D4E7-7377-464F-8340-1C7D9A03D7BE}.Debug|iPhoneSimulator.ActiveCfg = Debug|iPhoneSimulator
		{1E35D4E7-7377-464F-8340-1C7D9A03D7BE}.Debug|iPhoneSimulator.Build.0 = Debug|iPhoneSimulator
		{1E35D4E7-7377-464F-8340-1C7D9A03D7BE}.Debug|x64.ActiveCfg = Debug|iPhone
		{1E35D4E7-7377-464F-8340-1C7D9A03D7BE}.Debug|x86.ActiveCfg = Debug|iPhone
		{1E35D4E7-7377-464F-8340-1C7D9A03D7BE}.Release|Any CPU.ActiveCfg = Release|iPhoneSimulator
		{1E35D4E7-7377-464F-8340-1C7D9A03D7BE}.Release|ARM.ActiveCfg = Release|iPhone
		{1E35D4E7-7377-464F-8340-1C7D9A03D7BE}.Release|iPhone.ActiveCfg = Release|iPhone
		{1E35D4E7-7377-464F-8340-1C7D9A03D7BE}.Release|iPhone.Build.0 = Release|iPhone
		{1E35D4E7-7377-464F-8340-1C7D9A03D7BE}.Release|iPhoneSimulator.ActiveCfg = Release|iPhoneSimulator
		{1E35D4E7-7377-464F-8340-1C7D9A03D7BE}.Release|iPhoneSimulator.Build.0 = Release|iPhoneSimulator
		{1E35D4E7-7377-464F-8340-1C7D9A03D7BE}.Release|x64.ActiveCfg = Release|iPhone
		{1E35D4E7-7377-464F-8340-1C7D9A03D7BE}.Release|x86.ActiveCfg = Release|iPhone
		{34C4C63D-A940-4ADB-A9DD-4A772AACF35B}.Ad-Hoc|Any CPU.ActiveCfg = Release|x86
		{34C4C63D-A940-4ADB-A9DD-4A772AACF35B}.Ad-Hoc|Any CPU.Build.0 = Release|x86
		{34C4C63D-A940-4ADB-A9DD-4A772AACF35B}.Ad-Hoc|Any CPU.Deploy.0 = Release|x86
		{34C4C63D-A940-4ADB-A9DD-4A772AACF35B}.Ad-Hoc|ARM.ActiveCfg = Release|ARM
		{34C4C63D-A940-4ADB-A9DD-4A772AACF35B}.Ad-Hoc|ARM.Build.0 = Release|ARM
		{34C4C63D-A940-4ADB-A9DD-4A772AACF35B}.Ad-Hoc|ARM.Deploy.0 = Release|ARM
		{34C4C63D-A940-4ADB-A9DD-4A772AACF35B}.Ad-Hoc|iPhone.ActiveCfg = Release|x86
		{34C4C63D-A940-4ADB-A9DD-4A772AACF35B}.Ad-Hoc|iPhone.Build.0 = Release|x86
		{34C4C63D-A940-4ADB-A9DD-4A772AACF35B}.Ad-Hoc|iPhone.Deploy.0 = Release|x86
		{34C4C63D-A940-4ADB-A9DD-4A772AACF35B}.Ad-Hoc|iPhoneSimulator.ActiveCfg = Release|x86
		{34C4C63D-A940-4ADB-A9DD-4A772AACF35B}.Ad-Hoc|iPhoneSimulator.Build.0 = Release|x86
		{34C4C63D-A940-4ADB-A9DD-4A772AACF35B}.Ad-Hoc|iPhoneSimulator.Deploy.0 = Release|x86
		{34C4C63D-A940-4ADB-A9DD-4A772AACF35B}.Ad-Hoc|x64.ActiveCfg = Release|x64
		{34C4C63D-A940-4ADB-A9DD-4A772AACF35B}.Ad-Hoc|x64.Build.0 = Release|x64
		{34C4C63D-A940-4ADB-A9DD-4A772AACF35B}.Ad-Hoc|x64.Deploy.0 = Release|x64
		{34C4C63D-A940-4ADB-A9DD-4A772AACF35B}.Ad-Hoc|x86.ActiveCfg = Release|x86
		{34C4C63D-A940-4ADB-A9DD-4A772AACF35B}.Ad-Hoc|x86.Build.0 = Release|x86
		{34C4C63D-A940-4ADB-A9DD-4A772AACF35B}.Ad-Hoc|x86.Deploy.0 = Release|x86
		{34C4C63D-A940-4ADB-A9DD-4A772AACF35B}.AppStore|Any CPU.ActiveCfg = Release|x86
		{34C4C63D-A940-4ADB-A9DD-4A772AACF35B}.AppStore|Any CPU.Build.0 = Release|x86
		{34C4C63D-A940-4ADB-A9DD-4A772AACF35B}.AppStore|Any CPU.Deploy.0 = Release|x86
		{34C4C63D-A940-4ADB-A9DD-4A772AACF35B}.AppStore|ARM.ActiveCfg = Release|ARM
		{34C4C63D-A940-4ADB-A9DD-4A772AACF35B}.AppStore|ARM.Build.0 = Release|ARM
		{34C4C63D-A940-4ADB-A9DD-4A772AACF35B}.AppStore|ARM.Deploy.0 = Release|ARM
		{34C4C63D-A940-4ADB-A9DD-4A772AACF35B}.AppStore|iPhone.ActiveCfg = Release|x86
		{34C4C63D-A940-4ADB-A9DD-4A772AACF35B}.AppStore|iPhone.Build.0 = Release|x86
		{34C4C63D-A940-4ADB-A9DD-4A772AACF35B}.AppStore|iPhone.Deploy.0 = Release|x86
		{34C4C63D-A940-4ADB-A9DD-4A772AACF35B}.AppStore|iPhoneSimulator.ActiveCfg = Release|x86
		{34C4C63D-A940-4ADB-A9DD-4A772AACF35B}.AppStore|iPhoneSimulator.Build.0 = Release|x86
		{34C4C63D-A940-4ADB-A9DD-4A772AACF35B}.AppStore|iPhoneSimulator.Deploy.0 = Release|x86
		{34C4C63D-A940-4ADB-A9DD-4A772AACF35B}.AppStore|x64.ActiveCfg = Release|x64
		{34C4C63D-A940-4ADB-A9DD-4A772AACF35B}.AppStore|x64.Build.0 = Release|x64
		{34C4C63D-A940-4ADB-A9DD-4A772AACF35B}.AppStore|x64.Deploy.0 = Release|x64
		{34C4C63D-A940-4ADB-A9DD-4A772AACF35B}.AppStore|x86.ActiveCfg = Release|x86
		{34C4C63D-A940-4ADB-A9DD-4A772AACF35B}.AppStore|x86.Build.0 = Release|x86
		{34C4C63D-A940-4ADB-A9DD-4A772AACF35B}.AppStore|x86.Deploy.0 = Release|x86
		{34C4C63D-A940-4ADB-A9DD-4A772AACF35B}.Debug|Any CPU.ActiveCfg = Debug|x86
		{34C4C63D-A940-4ADB-A9DD-4A772AACF35B}.Debug|ARM.ActiveCfg = Debug|ARM
		{34C4C63D-A940-4ADB-A9DD-4A772AACF35B}.Debug|ARM.Build.0 = Debug|ARM
		{34C4C63D-A940-4ADB-A9DD-4A772AACF35B}.Debug|ARM.Deploy.0 = Debug|ARM
		{34C4C63D-A940-4ADB-A9DD-4A772AACF35B}.Debug|iPhone.ActiveCfg = Debug|x86
		{34C4C63D-A940-4ADB-A9DD-4A772AACF35B}.Debug|iPhoneSimulator.ActiveCfg = Debug|x86
		{34C4C63D-A940-4ADB-A9DD-4A772AACF35B}.Debug|x64.ActiveCfg = Debug|x64
		{34C4C63D-A940-4ADB-A9DD-4A772AACF35B}.Debug|x64.Build.0 = Debug|x64
		{34C4C63D-A940-4ADB-A9DD-4A772AACF35B}.Debug|x64.Deploy.0 = Debug|x64
		{34C4C63D-A940-4ADB-A9DD-4A772AACF35B}.Debug|x86.ActiveCfg = Debug|x86
		{34C4C63D-A940-4ADB-A9DD-4A772AACF35B}.Debug|x86.Build.0 = Debug|x86
		{34C4C63D-A940-4ADB-A9DD-4A772AACF35B}.Debug|x86.Deploy.0 = Debug|x86
		{34C4C63D-A940-4ADB-A9DD-4A772AACF35B}.Release|Any CPU.ActiveCfg = Release|x86
		{34C4C63D-A940-4ADB-A9DD-4A772AACF35B}.Release|ARM.ActiveCfg = Release|ARM
		{34C4C63D-A940-4ADB-A9DD-4A772AACF35B}.Release|ARM.Build.0 = Release|ARM
		{34C4C63D-A940-4ADB-A9DD-4A772AACF35B}.Release|ARM.Deploy.0 = Release|ARM
		{34C4C63D-A940-4ADB-A9DD-4A772AACF35B}.Release|iPhone.ActiveCfg = Release|x86
		{34C4C63D-A940-4ADB-A9DD-4A772AACF35B}.Release|iPhoneSimulator.ActiveCfg = Release|x86
		{34C4C63D-A940-4ADB-A9DD-4A772AACF35B}.Release|x64.ActiveCfg = Release|x64
		{34C4C63D-A940-4ADB-A9DD-4A772AACF35B}.Release|x64.Build.0 = Release|x64
		{34C4C63D-A940-4ADB-A9DD-4A772AACF35B}.Release|x64.Deploy.0 = Release|x64
		{34C4C63D-A940-4ADB-A9DD-4A772AACF35B}.Release|x86.ActiveCfg = Release|x86
		{34C4C63D-A940-4ADB-A9DD-4A772AACF35B}.Release|x86.Build.0 = Release|x86
		{34C4C63D-A940-4ADB-A9DD-4A772AACF35B}.Release|x86.Deploy.0 = Release|x86
	EndGlobalSection
	GlobalSection(SolutionProperties) = preSolution
		HideSolutionNode = FALSE
	EndGlobalSection
	GlobalSection(ExtensibilityGlobals) = postSolution
		SolutionGuid = {87DA25BE-D075-4EF6-B0A8-525A4E10DC20}
	EndGlobalSection
EndGlobal
